
Microsoft Visual Studio Solution File, Format Version 12.00
Project("{FAE04EC0-301F-11D3-BF4B-00C04F79EFBC}") = "Backend.API", "Backend.API\Backend.API.csproj", "{45BE2297-CBD8-4827-96DB-EF24382F3639}"
EndProject
Project("{FAE04EC0-301F-11D3-BF4B-00C04F79EFBC}") = "Backend.Core", "Backend.Core\Backend.Core.csproj", "{E4882624-76DA-4AD0-B703-B271E996743E}"
EndProject
Project("{FAE04EC0-301F-11D3-BF4B-00C04F79EFBC}") = "Backend.Domain", "Backend.Domain\Backend.Domain.csproj", "{1DD31DE9-7CBE-40EA-B8D3-4AC6A3CC9AD8}"
EndProject
Global
	GlobalSection(SolutionConfigurationPlatforms) = preSolution
		Debug|Any CPU = Debug|Any CPU
		Release|Any CPU = Release|Any CPU
	EndGlobalSection
	GlobalSection(ProjectConfigurationPlatforms) = postSolution
		{45BE2297-CBD8-4827-96DB-EF24382F3639}.Debug|Any CPU.ActiveCfg = Debug|Any CPU
		{45BE2297-CBD8-4827-96DB-EF24382F3639}.Debug|Any CPU.Build.0 = Debug|Any CPU
		{45BE2297-CBD8-4827-96DB-EF24382F3639}.Release|Any CPU.ActiveCfg = Release|Any CPU
		{45BE2297-CBD8-4827-96DB-EF24382F3639}.Release|Any CPU.Build.0 = Release|Any CPU
		{E4882624-76DA-4AD0-B703-B271E996743E}.Debug|Any CPU.ActiveCfg = Debug|Any CPU
		{E4882624-76DA-4AD0-B703-B271E996743E}.Debug|Any CPU.Build.0 = Debug|Any CPU
		{E4882624-76DA-4AD0-B703-B271E996743E}.Release|Any CPU.ActiveCfg = Release|Any CPU
		{E4882624-76DA-4AD0-B703-B271E996743E}.Release|Any CPU.Build.0 = Release|Any CPU
		{1DD31DE9-7CBE-40EA-B8D3-4AC6A3CC9AD8}.Debug|Any CPU.ActiveCfg = Debug|Any CPU
		{1DD31DE9-7CBE-40EA-B8D3-4AC6A3CC9AD8}.Debug|Any CPU.Build.0 = Debug|Any CPU
		{1DD31DE9-7CBE-40EA-B8D3-4AC6A3CC9AD8}.Release|Any CPU.ActiveCfg = Release|Any CPU
		{1DD31DE9-7CBE-40EA-B8D3-4AC6A3CC9AD8}.Release|Any CPU.Build.0 = Release|Any CPU
	EndGlobalSection
EndGlobal
